
Microsoft Visual Studio Solution File, Format Version 12.00
# Visual Studio Version 16
VisualStudioVersion = 16.0.30011.22
MinimumVisualStudioVersion = 10.0.40219.1
Project("{FAE04EC0-301F-11D3-BF4B-00C04F79EFBC}") = "webAPI", "webAPI\webAPI.csproj", "{F7361BEB-9B53-441C-AA01-5451DCD8833E}"
EndProject
Global
	GlobalSection(SolutionConfigurationPlatforms) = preSolution
		Debug|Any CPU = Debug|Any CPU
		Release|Any CPU = Release|Any CPU
	EndGlobalSection
	GlobalSection(ProjectConfigurationPlatforms) = postSolution
		{F7361BEB-9B53-441C-AA01-5451DCD8833E}.Debug|Any CPU.ActiveCfg = Debug|Any CPU
		{F7361BEB-9B53-441C-AA01-5451DCD8833E}.Debug|Any CPU.Build.0 = Debug|Any CPU
		{F7361BEB-9B53-441C-AA01-5451DCD8833E}.Release|Any CPU.ActiveCfg = Release|Any CPU
		{F7361BEB-9B53-441C-AA01-5451DCD8833E}.Release|Any CPU.Build.0 = Release|Any CPU
	EndGlobalSection
	GlobalSection(SolutionProperties) = preSolution
		HideSolutionNode = FALSE
	EndGlobalSection
	GlobalSection(ExtensibilityGlobals) = postSolution
		SolutionGuid = {E2544119-48B7-491C-93CB-CBB42DAB7CF1}
	EndGlobalSection
EndGlobal
